
Microsoft Visual Studio Solution File, Format Version 12.00
# Visual Studio Version 16
VisualStudioVersion = 16.0.29519.181
MinimumVisualStudioVersion = 10.0.40219.1
Project("{9A19103F-16F7-4668-BE54-9A1E7A4F7556}") = "CursoMVC", "CursoMVC\CursoMVC.csproj", "{DB687A74-E789-4019-ABB0-F3FEA4A5DD60}"
EndProject
Project("{9A19103F-16F7-4668-BE54-9A1E7A4F7556}") = "CursoAPI", "CursoAPI\CursoAPI.csproj", "{8F5BBA4B-BCF2-4FE5-A2AC-D827ED5A5BCC}"
EndProject
Project("{FAE04EC0-301F-11D3-BF4B-00C04F79EFBC}") = "CursoTeste", "CursoTeste\CursoTeste.csproj", "{B050B880-E410-4C98-B5A7-D2E35BC54C77}"
EndProject
Global
	GlobalSection(SolutionConfigurationPlatforms) = preSolution
		Debug|Any CPU = Debug|Any CPU
		Release|Any CPU = Release|Any CPU
	EndGlobalSection
	GlobalSection(ProjectConfigurationPlatforms) = postSolution
		{DB687A74-E789-4019-ABB0-F3FEA4A5DD60}.Debug|Any CPU.ActiveCfg = Debug|Any CPU
		{DB687A74-E789-4019-ABB0-F3FEA4A5DD60}.Debug|Any CPU.Build.0 = Debug|Any CPU
		{DB687A74-E789-4019-ABB0-F3FEA4A5DD60}.Release|Any CPU.ActiveCfg = Release|Any CPU
		{DB687A74-E789-4019-ABB0-F3FEA4A5DD60}.Release|Any CPU.Build.0 = Release|Any CPU
		{8F5BBA4B-BCF2-4FE5-A2AC-D827ED5A5BCC}.Debug|Any CPU.ActiveCfg = Debug|Any CPU
		{8F5BBA4B-BCF2-4FE5-A2AC-D827ED5A5BCC}.Debug|Any CPU.Build.0 = Debug|Any CPU
		{8F5BBA4B-BCF2-4FE5-A2AC-D827ED5A5BCC}.Release|Any CPU.ActiveCfg = Release|Any CPU
		{8F5BBA4B-BCF2-4FE5-A2AC-D827ED5A5BCC}.Release|Any CPU.Build.0 = Release|Any CPU
		{B050B880-E410-4C98-B5A7-D2E35BC54C77}.Debug|Any CPU.ActiveCfg = Debug|Any CPU
		{B050B880-E410-4C98-B5A7-D2E35BC54C77}.Debug|Any CPU.Build.0 = Debug|Any CPU
		{B050B880-E410-4C98-B5A7-D2E35BC54C77}.Release|Any CPU.ActiveCfg = Release|Any CPU
		{B050B880-E410-4C98-B5A7-D2E35BC54C77}.Release|Any CPU.Build.0 = Release|Any CPU
	EndGlobalSection
	GlobalSection(SolutionProperties) = preSolution
		HideSolutionNode = FALSE
	EndGlobalSection
	GlobalSection(ExtensibilityGlobals) = postSolution
		SolutionGuid = {61C00361-5043-4494-9FEB-D5C0B4D9539E}
	EndGlobalSection
EndGlobal
